
Microsoft Visual Studio Solution File, Format Version 12.00
# Visual Studio Version 17
VisualStudioVersion = 17.5.33414.496
MinimumVisualStudioVersion = 10.0.40219.1
Project("{FAE04EC0-301F-11D3-BF4B-00C04F79EFBC}") = "AzureFunctions.Issue.Grpc", "AzureFunctions.Issue.Grpc\AzureFunctions.Issue.Grpc.csproj", "{ED757CF7-0460-403E-B02F-8A9D878BD985}"
EndProject
Project("{F2A71F9B-5D33-465A-A702-920D77279786}") = "AzureFunctions.Issue.Grpc.FSharp", "AzureFunctions.Issue.Grpc.FSharp\AzureFunctions.Issue.Grpc.FSharp.fsproj", "{AAE14ACF-2EAB-4914-975E-2653BB864B70}"
EndProject
Global
	GlobalSection(SolutionConfigurationPlatforms) = preSolution
		Debug|Any CPU = Debug|Any CPU
		Release|Any CPU = Release|Any CPU
	EndGlobalSection
	GlobalSection(ProjectConfigurationPlatforms) = postSolution
		{ED757CF7-0460-403E-B02F-8A9D878BD985}.Debug|Any CPU.ActiveCfg = Debug|Any CPU
		{ED757CF7-0460-403E-B02F-8A9D878BD985}.Debug|Any CPU.Build.0 = Debug|Any CPU
		{ED757CF7-0460-403E-B02F-8A9D878BD985}.Release|Any CPU.ActiveCfg = Release|Any CPU
		{ED757CF7-0460-403E-B02F-8A9D878BD985}.Release|Any CPU.Build.0 = Release|Any CPU
		{AAE14ACF-2EAB-4914-975E-2653BB864B70}.Debug|Any CPU.ActiveCfg = Debug|Any CPU
		{AAE14ACF-2EAB-4914-975E-2653BB864B70}.Debug|Any CPU.Build.0 = Debug|Any CPU
		{AAE14ACF-2EAB-4914-975E-2653BB864B70}.Release|Any CPU.ActiveCfg = Release|Any CPU
		{AAE14ACF-2EAB-4914-975E-2653BB864B70}.Release|Any CPU.Build.0 = Release|Any CPU
	EndGlobalSection
	GlobalSection(SolutionProperties) = preSolution
		HideSolutionNode = FALSE
	EndGlobalSection
	GlobalSection(ExtensibilityGlobals) = postSolution
		SolutionGuid = {0D3F3BC8-923D-4B5B-BAFD-08154D239760}
	EndGlobalSection
EndGlobal
